
Microsoft Visual Studio Solution File, Format Version 12.00
# Visual Studio Version 17
VisualStudioVersion = 17.6.33829.357
MinimumVisualStudioVersion = 10.0.40219.1
Project("{FAE04EC0-301F-11D3-BF4B-00C04F79EFBC}") = "Dromoi.Console", "Dromoi.Console\Dromoi.Console.csproj", "{4ACF9B1F-5713-44A0-A899-2ACC129C65F8}"
EndProject
Project("{FAE04EC0-301F-11D3-BF4B-00C04F79EFBC}") = "Dromoi.Infrastructure", "Dromoi.Infrastructure\Dromoi.Infrastructure.csproj", "{F565CB10-F580-4044-9A5C-7390D460D60B}"
EndProject
Global
	GlobalSection(SolutionConfigurationPlatforms) = preSolution
		Debug|Any CPU = Debug|Any CPU
		Release|Any CPU = Release|Any CPU
	EndGlobalSection
	GlobalSection(ProjectConfigurationPlatforms) = postSolution
		{4ACF9B1F-5713-44A0-A899-2ACC129C65F8}.Debug|Any CPU.ActiveCfg = Debug|Any CPU
		{4ACF9B1F-5713-44A0-A899-2ACC129C65F8}.Debug|Any CPU.Build.0 = Debug|Any CPU
		{4ACF9B1F-5713-44A0-A899-2ACC129C65F8}.Release|Any CPU.ActiveCfg = Release|Any CPU
		{4ACF9B1F-5713-44A0-A899-2ACC129C65F8}.Release|Any CPU.Build.0 = Release|Any CPU
		{F565CB10-F580-4044-9A5C-7390D460D60B}.Debug|Any CPU.ActiveCfg = Debug|Any CPU
		{F565CB10-F580-4044-9A5C-7390D460D60B}.Debug|Any CPU.Build.0 = Debug|Any CPU
		{F565CB10-F580-4044-9A5C-7390D460D60B}.Release|Any CPU.ActiveCfg = Release|Any CPU
		{F565CB10-F580-4044-9A5C-7390D460D60B}.Release|Any CPU.Build.0 = Release|Any CPU
	EndGlobalSection
	GlobalSection(SolutionProperties) = preSolution
		HideSolutionNode = FALSE
	EndGlobalSection
	GlobalSection(ExtensibilityGlobals) = postSolution
		SolutionGuid = {F743CD86-FD0A-43D9-98A2-7C8EF192E600}
	EndGlobalSection
EndGlobal
